lockfileVersion: '9.0'

settings:
  autoInstallPeers: true
  excludeLinksFromLockfile: false

importers:

  .:
    devDependencies:
      pnpm:
        specifier: 9.15.0
        version: 9.15.0

packages:

  pnpm@9.15.0:
    resolution: {integrity: sha512-duI3l2CkMo7EQVgVvNZije5yevN3mqpMkU45RBVsQpmSGon5djge4QfUHxLPpLZmgcqccY8GaPoIMe1MbYulbA==}
    engines: {node: '>=18.12'}
    hasBin: true

snapshots:

  pnpm@9.15.0: {}
